
Microsoft Visual Studio Solution File, Format Version 12.00
# Visual Studio 15
Project("{FAE04EC0-301F-11D3-BF4B-00C04F79EFBC}") = "Assembly-CSharp", "Assembly-CSharp.csproj", "{ABEB08DF-96A2-BD12-8E90-1D29F271427C}"
EndProject
Project("{FAE04EC0-301F-11D3-BF4B-00C04F79EFBC}") = "Assembly-CSharp-Editor", "Assembly-CSharp-Editor.csproj", "{FBD1735E-AA21-541C-6CA7-3D00575E2581}"
EndProject
Global
	GlobalSection(SolutionConfigurationPlatforms) = preSolution
		Debug|Any CPU = Debug|Any CPU
		Release|Any CPU = Release|Any CPU
	EndGlobalSection
	GlobalSection(ProjectConfigurationPlatforms) = postSolution
		{ABEB08DF-96A2-BD12-8E90-1D29F271427C}.Debug|Any CPU.ActiveCfg = Debug|Any CPU
		{ABEB08DF-96A2-BD12-8E90-1D29F271427C}.Debug|Any CPU.Build.0 = Debug|Any CPU
		{ABEB08DF-96A2-BD12-8E90-1D29F271427C}.Release|Any CPU.ActiveCfg = Release|Any CPU
		{ABEB08DF-96A2-BD12-8E90-1D29F271427C}.Release|Any CPU.Build.0 = Release|Any CPU
		{FBD1735E-AA21-541C-6CA7-3D00575E2581}.Debug|Any CPU.ActiveCfg = Debug|Any CPU
		{FBD1735E-AA21-541C-6CA7-3D00575E2581}.Debug|Any CPU.Build.0 = Debug|Any CPU
		{FBD1735E-AA21-541C-6CA7-3D00575E2581}.Release|Any CPU.ActiveCfg = Release|Any CPU
		{FBD1735E-AA21-541C-6CA7-3D00575E2581}.Release|Any CPU.Build.0 = Release|Any CPU
	EndGlobalSection
	GlobalSection(SolutionProperties) = preSolution
		HideSolutionNode = FALSE
	EndGlobalSection
EndGlobal
